GIT
  remote: http://github.com/GnomesLab/liquid.git
  revision: 96a75a0
  specs:
    liquid (3.0.0.alpha)

GEM
  remote: http://rubygems.org/
  specs:
    classifier (1.3.3)
      fast-stemmer (>= 1.0.0)
    directory_watcher (1.3.2)
    fast-stemmer (1.0.0)
    jekyll (0.7.0)
      classifier (>= 1.3.1)
      directory_watcher (>= 1.1.1)
      liquid (>= 1.9.0)
      maruku (>= 0.5.9)
    maruku (0.6.0)
      syntax (>= 1.0.0)
    rack (1.2.1)
    sinatra (1.1.0)
      rack (~> 1.1)
      tilt (~> 1.1)
    syntax (1.0.0)
    tilt (1.1)

PLATFORMS
  ruby

DEPENDENCIES
  jekyll
  liquid!
  sinatra (= 1.1.0)
